version: 1
generated_at: 2026-06-11T15:37:16Z
internal: []
trusted:
  - action: actions/checkout
    refs:
      - 93cb6efe18208431cddfb8368fd83d5badbf9bfd
    occurrences:
      93cb6efe18208431cddfb8368fd83d5badbf9bfd:
        .github/workflows/ci.yml:
          - jobs.build.steps.[0].uses
          - jobs.lint.steps.[0].uses
  - action: actions/setup-java
    refs:
      - be666c2fcd27ec809703dec50e508c2fdc7f6654
    occurrences:
      be666c2fcd27ec809703dec50e508c2fdc7f6654:
        .github/workflows/ci.yml:
          - jobs.build.steps.[2].uses
  - action: actions/setup-node
    refs:
      - v6
    occurrences:
      v6:
        .github/workflows/ci.yml:
          - jobs.build.steps.[1].uses
          - jobs.lint.steps.[1].uses
  - action: actions/upload-artifact
    refs:
      - v6
    occurrences:
      v6:
        .github/workflows/ci.yml:
          - jobs.build.steps.[7].uses
external: []
local: []
docker: []
dynamic: []
